// !$*UTF8*$!
{
	archiveVersion = 1;
	classes = {
	};
	objectVersion = 50;
	objects = {

/* Begin PBXBuildFile section */
		B3B5C9D22425BDF3008F4F24 /* UIImageExtensionTest.swift in Sources */ = {isa = PBXBuildFile; fileRef = B3B5C9D12425BDF3008F4F24 /* UIImageExtensionTest.swift */; };
		B3B5C9D42425C42C008F4F24 /* RouterTests.swift in Sources */ = {isa = PBXBuildFile; fileRef = B3B5C9D32425C42C008F4F24 /* RouterTests.swift */; };
		B3B5C9D8242737C6008F4F24 /* Extension+String.swift in Sources */ = {isa = PBXBuildFile; fileRef = B3B5C9D7242737C6008F4F24 /* Extension+String.swift */; };
		B3B5C9DA24273856008F4F24 /* StringExtensionTests.swift in Sources */ = {isa = PBXBuildFile; fileRef = B3B5C9D924273856008F4F24 /* StringExtensionTests.swift */; };
		B3B5C9DC24274208008F4F24 /* Extension+Date.swift in Sources */ = {isa = PBXBuildFile; fileRef = B3B5C9DB24274208008F4F24 /* Extension+Date.swift */; };
		B3B5C9DE24274345008F4F24 /* DateExtensionTests.swift in Sources */ = {isa = PBXBuildFile; fileRef = B3B5C9DD24274345008F4F24 /* DateExtensionTests.swift */; };
		B3F15B982424E8AB00D93C5D /* AppDelegate.swift in Sources */ = {isa = PBXBuildFile; fileRef = B3F15B972424E8AB00D93C5D /* AppDelegate.swift */; };
		B3F15B9C2424E8AB00D93C5D /* ViewController.swift in Sources */ = {isa = PBXBuildFile; fileRef = B3F15B9B2424E8AB00D93C5D /* ViewController.swift */; };
		B3F15B9F2424E8AB00D93C5D /* Main.storyboard in Resources */ = {isa = PBXBuildFile; fileRef = B3F15B9D2424E8AB00D93C5D /* Main.storyboard */; };
		B3F15BA12424E8AE00D93C5D /* Assets.xcassets in Resources */ = {isa = PBXBuildFile; fileRef = B3F15BA02424E8AE00D93C5D /* Assets.xcassets */; };
		B3F15BA42424E8AE00D93C5D /* LaunchScreen.storyboard in Resources */ = {isa = PBXBuildFile; fileRef = B3F15BA22424E8AE00D93C5D /* LaunchScreen.storyboard */; };
		B3F15BBA2424E8AE00D93C5D /* UnitTestingExampleUITests.swift in Sources */ = {isa = PBXBuildFile; fileRef = B3F15BB92424E8AE00D93C5D /* UnitTestingExampleUITests.swift */; };
		B3F15BC82424E9D900D93C5D /* ViewControllerTests.swift in Sources */ = {isa = PBXBuildFile; fileRef = B3F15BC72424E9D900D93C5D /* ViewControllerTests.swift */; };
		B3F15BD02424FCB000D93C5D /* Constant.swift in Sources */ = {isa = PBXBuildFile; fileRef = B3F15BCF2424FCB000D93C5D /* Constant.swift */; };
		B3F15BD22424FCCE00D93C5D /* Enum.swift in Sources */ = {isa = PBXBuildFile; fileRef = B3F15BD12424FCCE00D93C5D /* Enum.swift */; };
		B3F15BD42424FD4B00D93C5D /* MainTabBarViewController.swift in Sources */ = {isa = PBXBuildFile; fileRef = B3F15BD32424FD4B00D93C5D /* MainTabBarViewController.swift */; };
		B3F15BD92424FDD000D93C5D /* HomeViewController.swift in Sources */ = {isa = PBXBuildFile; fileRef = B3F15BD82424FDD000D93C5D /* HomeViewController.swift */; };
		B3F15BDC2424FDEB00D93C5D /* ProfileViewController.swift in Sources */ = {isa = PBXBuildFile; fileRef = B3F15BDB2424FDEB00D93C5D /* ProfileViewController.swift */; };
		B3F15BDE2424FE0300D93C5D /* HomeViewController.xib in Resources */ = {isa = PBXBuildFile; fileRef = B3F15BDD2424FE0300D93C5D /* HomeViewController.xib */; };
		B3F15BE02424FE3600D93C5D /* ProfileViewController.xib in Resources */ = {isa = PBXBuildFile; fileRef = B3F15BDF2424FE3600D93C5D /* ProfileViewController.xib */; };
		B3F15BE22424FF2B00D93C5D /* Router.swift in Sources */ = {isa = PBXBuildFile; fileRef = B3F15BE12424FF2B00D93C5D /* Router.swift */; };
		B3F15BE72425146000D93C5D /* HomeModel.swift in Sources */ = {isa = PBXBuildFile; fileRef = B3F15BE62425146000D93C5D /* HomeModel.swift */; };
		B3F15BE92425146C00D93C5D /* ProfileModel.swift in Sources */ = {isa = PBXBuildFile; fileRef = B3F15BE82425146C00D93C5D /* ProfileModel.swift */; };
		B3F15BEC242514E600D93C5D /* Student.swift in Sources */ = {isa = PBXBuildFile; fileRef = B3F15BEB242514E600D93C5D /* Student.swift */; };
		B3F15BEE242515B000D93C5D /* UClass.swift in Sources */ = {isa = PBXBuildFile; fileRef = B3F15BED242515B000D93C5D /* UClass.swift */; };
		B3F15BF32425164400D93C5D /* HomeViewModel.swift in Sources */ = {isa = PBXBuildFile; fileRef = B3F15BF22425164400D93C5D /* HomeViewModel.swift */; };
		B3F15BF52425164E00D93C5D /* ProfileViewModel.swift in Sources */ = {isa = PBXBuildFile; fileRef = B3F15BF42425164E00D93C5D /* ProfileViewModel.swift */; };
		B3F15BF924251CC300D93C5D /* HomeTableViewCell.swift in Sources */ = {isa = PBXBuildFile; fileRef = B3F15BF724251CC300D93C5D /* HomeTableViewCell.swift */; };
		B3F15BFA24251CC300D93C5D /* HomeTableViewCell.xib in Resources */ = {isa = PBXBuildFile; fileRef = B3F15BF824251CC300D93C5D /* HomeTableViewCell.xib */; };
		B3F15BFC2425213600D93C5D /* Extension+UITableView.swift in Sources */ = {isa = PBXBuildFile; fileRef = B3F15BFB2425213600D93C5D /* Extension+UITableView.swift */; };
		B3F15BFE2425225200D93C5D /* Extension+Object.swift in Sources */ = {isa = PBXBuildFile; fileRef = B3F15BFD2425225200D93C5D /* Extension+Object.swift */; };
		B3F15C002425276300D93C5D /* Extension+UIView.swift in Sources */ = {isa = PBXBuildFile; fileRef = B3F15BFF2425276300D93C5D /* Extension+UIView.swift */; };
		B3F15C0224252AAE00D93C5D /* Extension+UIImageView.swift in Sources */ = {isa = PBXBuildFile; fileRef = B3F15C0124252AAE00D93C5D /* Extension+UIImageView.swift */; };
		B3F15C0424252E4000D93C5D /* Extension+UIViewController.swift in Sources */ = {isa = PBXBuildFile; fileRef = B3F15C0324252E4000D93C5D /* Extension+UIViewController.swift */; };
/* End PBXBuildFile section */

/* Begin PBXContainerItemProxy section */
		B3F15BAB2424E8AE00D93C5D /* PBXContainerItemProxy */ = {
			isa = PBXContainerItemProxy;
			containerPortal = B3F15B8C2424E8AB00D93C5D /* Project object */;
			proxyType = 1;
			remoteGlobalIDString = B3F15B932424E8AB00D93C5D;
			remoteInfo = UnitTestingExample;
		};
		B3F15BB62424E8AE00D93C5D /* PBXContainerItemProxy */ = {
			isa = PBXContainerItemProxy;
			containerPortal = B3F15B8C2424E8AB00D93C5D /* Project object */;
			proxyType = 1;
			remoteGlobalIDString = B3F15B932424E8AB00D93C5D;
			remoteInfo = UnitTestingExample;
		};
/* End PBXContainerItemProxy section */

/* Begin PBXFileReference section */
		B3B5C9D12425BDF3008F4F24 /* UIImageExtensionTest.swift */ = {isa = PBXFileReference; lastKnownFileType = sourcecode.swift; path = UIImageExtensionTest.swift; sourceTree = "<group>"; };
		B3B5C9D32425C42C008F4F24 /* RouterTests.swift */ = {isa = PBXFileReference; lastKnownFileType = sourcecode.swift; path = RouterTests.swift; sourceTree = "<group>"; };
		B3B5C9D7242737C6008F4F24 /* Extension+String.swift */ = {isa = PBXFileReference; lastKnownFileType = sourcecode.swift; path = "Extension+String.swift"; sourceTree = "<group>"; };
		B3B5C9D924273856008F4F24 /* StringExtensionTests.swift */ = {isa = PBXFileReference; lastKnownFileType = sourcecode.swift; path = StringExtensionTests.swift; sourceTree = "<group>"; };
		B3B5C9DB24274208008F4F24 /* Extension+Date.swift */ = {isa = PBXFileReference; lastKnownFileType = sourcecode.swift; path = "Extension+Date.swift"; sourceTree = "<group>"; };
		B3B5C9DD24274345008F4F24 /* DateExtensionTests.swift */ = {isa = PBXFileReference; lastKnownFileType = sourcecode.swift; path = DateExtensionTests.swift; sourceTree = "<group>"; };
		B3F15B942424E8AB00D93C5D /* UnitTestingExample.app */ = {isa = PBXFileReference; explicitFileType = wrapper.application; includeInIndex = 0; path = UnitTestingExample.app; sourceTree = BUILT_PRODUCTS_DIR; };
		B3F15B972424E8AB00D93C5D /* AppDelegate.swift */ = {isa = PBXFileReference; lastKnownFileType = sourcecode.swift; path = AppDelegate.swift; sourceTree = "<group>"; };
		B3F15B9B2424E8AB00D93C5D /* ViewController.swift */ = {isa = PBXFileReference; lastKnownFileType = sourcecode.swift; path = ViewController.swift; sourceTree = "<group>"; };
		B3F15B9E2424E8AB00D93C5D /* Base */ = {isa = PBXFileReference; lastKnownFileType = file.storyboard; name = Base; path = Base.lproj/Main.storyboard; sourceTree = "<group>"; };
		B3F15BA02424E8AE00D93C5D /* Assets.xcassets */ = {isa = PBXFileReference; lastKnownFileType = folder.assetcatalog; path = Assets.xcassets; sourceTree = "<group>"; };
		B3F15BA32424E8AE00D93C5D /* Base */ = {isa = PBXFileReference; lastKnownFileType = file.storyboard; name = Base; path = Base.lproj/LaunchScreen.storyboard; sourceTree = "<group>"; };
		B3F15BA52424E8AE00D93C5D /* Info.plist */ = {isa = PBXFileReference; lastKnownFileType = text.plist.xml; path = Info.plist; sourceTree = "<group>"; };
		B3F15BAA2424E8AE00D93C5D /* UnitTestingExampleTests.xctest */ = {isa = PBXFileReference; explicitFileType = wrapper.cfbundle; includeInIndex = 0; path = UnitTestingExampleTests.xctest; sourceTree = BUILT_PRODUCTS_DIR; };
		B3F15BB02424E8AE00D93C5D /* Info.plist */ = {isa = PBXFileReference; lastKnownFileType = text.plist.xml; path = Info.plist; sourceTree = "<group>"; };
		B3F15BB52424E8AE00D93C5D /* UnitTestingExampleUITests.xctest */ = {isa = PBXFileReference; explicitFileType = wrapper.cfbundle; includeInIndex = 0; path = UnitTestingExampleUITests.xctest; sourceTree = BUILT_PRODUCTS_DIR; };
		B3F15BB92424E8AE00D93C5D /* UnitTestingExampleUITests.swift */ = {isa = PBXFileReference; lastKnownFileType = sourcecode.swift; path = UnitTestingExampleUITests.swift; sourceTree = "<group>"; };
		B3F15BBB2424E8AE00D93C5D /* Info.plist */ = {isa = PBXFileReference; lastKnownFileType = text.plist.xml; path = Info.plist; sourceTree = "<group>"; };
		B3F15BC72424E9D900D93C5D /* ViewControllerTests.swift */ = {isa = PBXFileReference; lastKnownFileType = sourcecode.swift; path = ViewControllerTests.swift; sourceTree = "<group>"; };
		B3F15BCF2424FCB000D93C5D /* Constant.swift */ = {isa = PBXFileReference; lastKnownFileType = sourcecode.swift; path = Constant.swift; sourceTree = "<group>"; };
		B3F15BD12424FCCE00D93C5D /* Enum.swift */ = {isa = PBXFileReference; lastKnownFileType = sourcecode.swift; path = Enum.swift; sourceTree = "<group>"; };
		B3F15BD32424FD4B00D93C5D /* MainTabBarViewController.swift */ = {isa = PBXFileReference; lastKnownFileType = sourcecode.swift; path = MainTabBarViewController.swift; sourceTree = "<group>"; };
		B3F15BD82424FDD000D93C5D /* HomeViewController.swift */ = {isa = PBXFileReference; lastKnownFileType = sourcecode.swift; path = HomeViewController.swift; sourceTree = "<group>"; };
		B3F15BDB2424FDEB00D93C5D /* ProfileViewController.swift */ = {isa = PBXFileReference; lastKnownFileType = sourcecode.swift; path = ProfileViewController.swift; sourceTree = "<group>"; };
		B3F15BDD2424FE0300D93C5D /* HomeViewController.xib */ = {isa = PBXFileReference; lastKnownFileType = file.xib; path = HomeViewController.xib; sourceTree = "<group>"; };
		B3F15BDF2424FE3600D93C5D /* ProfileViewController.xib */ = {isa = PBXFileReference; lastKnownFileType = file.xib; path = ProfileViewController.xib; sourceTree = "<group>"; };
		B3F15BE12424FF2B00D93C5D /* Router.swift */ = {isa = PBXFileReference; lastKnownFileType = sourcecode.swift; path = Router.swift; sourceTree = "<group>"; };
		B3F15BE62425146000D93C5D /* HomeModel.swift */ = {isa = PBXFileReference; lastKnownFileType = sourcecode.swift; path = HomeModel.swift; sourceTree = "<group>"; };
		B3F15BE82425146C00D93C5D /* ProfileModel.swift */ = {isa = PBXFileReference; lastKnownFileType = sourcecode.swift; path = ProfileModel.swift; sourceTree = "<group>"; };
		B3F15BEB242514E600D93C5D /* Student.swift */ = {isa = PBXFileReference; lastKnownFileType = sourcecode.swift; path = Student.swift; sourceTree = "<group>"; };
		B3F15BED242515B000D93C5D /* UClass.swift */ = {isa = PBXFileReference; lastKnownFileType = sourcecode.swift; path = UClass.swift; sourceTree = "<group>"; };
		B3F15BF22425164400D93C5D /* HomeViewModel.swift */ = {isa = PBXFileReference; lastKnownFileType = sourcecode.swift; path = HomeViewModel.swift; sourceTree = "<group>"; };
		B3F15BF42425164E00D93C5D /* ProfileViewModel.swift */ = {isa = PBXFileReference; lastKnownFileType = sourcecode.swift; path = ProfileViewModel.swift; sourceTree = "<group>"; };
		B3F15BF724251CC300D93C5D /* HomeTableViewCell.swift */ = {isa = PBXFileReference; lastKnownFileType = sourcecode.swift; path = HomeTableViewCell.swift; sourceTree = "<group>"; };
		B3F15BF824251CC300D93C5D /* HomeTableViewCell.xib */ = {isa = PBXFileReference; lastKnownFileType = file.xib; path = HomeTableViewCell.xib; sourceTree = "<group>"; };
		B3F15BFB2425213600D93C5D /* Extension+UITableView.swift */ = {isa = PBXFileReference; lastKnownFileType = sourcecode.swift; path = "Extension+UITableView.swift"; sourceTree = "<group>"; };
		B3F15BFD2425225200D93C5D /* Extension+Object.swift */ = {isa = PBXFileReference; lastKnownFileType = sourcecode.swift; path = "Extension+Object.swift"; sourceTree = "<group>"; };
		B3F15BFF2425276300D93C5D /* Extension+UIView.swift */ = {isa = PBXFileReference; lastKnownFileType = sourcecode.swift; path = "Extension+UIView.swift"; sourceTree = "<group>"; };
		B3F15C0124252AAE00D93C5D /* Extension+UIImageView.swift */ = {isa = PBXFileReference; lastKnownFileType = sourcecode.swift; path = "Extension+UIImageView.swift"; sourceTree = "<group>"; };
		B3F15C0324252E4000D93C5D /* Extension+UIViewController.swift */ = {isa = PBXFileReference; lastKnownFileType = sourcecode.swift; path = "Extension+UIViewController.swift"; sourceTree = "<group>"; };
/* End PBXFileReference section */

/* Begin PBXFrameworksBuildPhase section */
		B3F15B912424E8AB00D93C5D /* Frameworks */ = {
			isa = PBXFrameworksBuildPhase;
			buildActionMask = 2147483647;
			files = (
			);
			runOnlyForDeploymentPostprocessing = 0;
		};
		B3F15BA72424E8AE00D93C5D /* Frameworks */ = {
			isa = PBXFrameworksBuildPhase;
			buildActionMask = 2147483647;
			files = (
			);
			runOnlyForDeploymentPostprocessing = 0;
		};
		B3F15BB22424E8AE00D93C5D /* Frameworks */ = {
			isa = PBXFrameworksBuildPhase;
			buildActionMask = 2147483647;
			files = (
			);
			runOnlyForDeploymentPostprocessing = 0;
		};
/* End PBXFrameworksBuildPhase section */

/* Begin PBXGroup section */
		B3F15B8B2424E8AB00D93C5D = {
			isa = PBXGroup;
			children = (
				B3F15B962424E8AB00D93C5D /* UnitTestingExample */,
				B3F15BAD2424E8AE00D93C5D /* UnitTestingExampleTests */,
				B3F15BB82424E8AE00D93C5D /* UnitTestingExampleUITests */,
				B3F15B952424E8AB00D93C5D /* Products */,
			);
			sourceTree = "<group>";
		};
		B3F15B952424E8AB00D93C5D /* Products */ = {
			isa = PBXGroup;
			children = (
				B3F15B942424E8AB00D93C5D /* UnitTestingExample.app */,
				B3F15BAA2424E8AE00D93C5D /* UnitTestingExampleTests.xctest */,
				B3F15BB52424E8AE00D93C5D /* UnitTestingExampleUITests.xctest */,
			);
			name = Products;
			sourceTree = "<group>";
		};
		B3F15B962424E8AB00D93C5D /* UnitTestingExample */ = {
			isa = PBXGroup;
			children = (
				B3F15BCE2424FCA600D93C5D /* Common */,
				B3F15BCD2424FCA100D93C5D /* Extension */,
				B3F15BCB2424FC8800D93C5D /* ViewModel */,
				B3F15BCA2424FC8300D93C5D /* View */,
				B3F15BC92424FC7900D93C5D /* Models */,
				B3F15B972424E8AB00D93C5D /* AppDelegate.swift */,
				B3F15B9B2424E8AB00D93C5D /* ViewController.swift */,
				B3F15B9D2424E8AB00D93C5D /* Main.storyboard */,
				B3F15BA02424E8AE00D93C5D /* Assets.xcassets */,
				B3F15BA22424E8AE00D93C5D /* LaunchScreen.storyboard */,
				B3F15BA52424E8AE00D93C5D /* Info.plist */,
			);
			path = UnitTestingExample;
			sourceTree = "<group>";
		};
		B3F15BAD2424E8AE00D93C5D /* UnitTestingExampleTests */ = {
			isa = PBXGroup;
			children = (
				B3F15BB02424E8AE00D93C5D /* Info.plist */,
				B3F15BC72424E9D900D93C5D /* ViewControllerTests.swift */,
				B3B5C9D12425BDF3008F4F24 /* UIImageExtensionTest.swift */,
				B3B5C9D32425C42C008F4F24 /* RouterTests.swift */,
				B3B5C9D924273856008F4F24 /* StringExtensionTests.swift */,
				B3B5C9DD24274345008F4F24 /* DateExtensionTests.swift */,
			);
			path = UnitTestingExampleTests;
			sourceTree = "<group>";
		};
		B3F15BB82424E8AE00D93C5D /* UnitTestingExampleUITests */ = {
			isa = PBXGroup;
			children = (
				B3F15BB92424E8AE00D93C5D /* UnitTestingExampleUITests.swift */,
				B3F15BBB2424E8AE00D93C5D /* Info.plist */,
			);
			path = UnitTestingExampleUITests;
			sourceTree = "<group>";
		};
		B3F15BC92424FC7900D93C5D /* Models */ = {
			isa = PBXGroup;
			children = (
				B3F15BEA242514CD00D93C5D /* General */,
				B3F15BE32425144000D93C5D /* Main */,
			);
			path = Models;
			sourceTree = "<group>";
		};
		B3F15BCA2424FC8300D93C5D /* View */ = {
			isa = PBXGroup;
			children = (
				B3F15BCC2424FC9A00D93C5D /* Main */,
			);
			path = View;
			sourceTree = "<group>";
		};
		B3F15BCB2424FC8800D93C5D /* ViewModel */ = {
			isa = PBXGroup;
			children = (
				B3F15BEF2425163100D93C5D /* Main */,
			);
			path = ViewModel;
			sourceTree = "<group>";
		};
		B3F15BCC2424FC9A00D93C5D /* Main */ = {
			isa = PBXGroup;
			children = (
				B3F15BDA2424FDDB00D93C5D /* Profile */,
				B3F15BD72424FDC500D93C5D /* Home */,
				B3F15BD32424FD4B00D93C5D /* MainTabBarViewController.swift */,
			);
			path = Main;
			sourceTree = "<group>";
		};
		B3F15BCD2424FCA100D93C5D /* Extension */ = {
			isa = PBXGroup;
			children = (
				B3F15BFB2425213600D93C5D /* Extension+UITableView.swift */,
				B3F15BFD2425225200D93C5D /* Extension+Object.swift */,
				B3F15BFF2425276300D93C5D /* Extension+UIView.swift */,
				B3F15C0124252AAE00D93C5D /* Extension+UIImageView.swift */,
				B3F15C0324252E4000D93C5D /* Extension+UIViewController.swift */,
				B3B5C9D7242737C6008F4F24 /* Extension+String.swift */,
				B3B5C9DB24274208008F4F24 /* Extension+Date.swift */,
			);
			path = Extension;
			sourceTree = "<group>";
		};
		B3F15BCE2424FCA600D93C5D /* Common */ = {
			isa = PBXGroup;
			children = (
				B3F15BCF2424FCB000D93C5D /* Constant.swift */,
				B3F15BD12424FCCE00D93C5D /* Enum.swift */,
				B3F15BE12424FF2B00D93C5D /* Router.swift */,
			);
			path = Common;
			sourceTree = "<group>";
		};
		B3F15BD72424FDC500D93C5D /* Home */ = {
			isa = PBXGroup;
			children = (
				B3F15BF624251CAA00D93C5D /* Cell */,
				B3F15BD82424FDD000D93C5D /* HomeViewController.swift */,
				B3F15BDD2424FE0300D93C5D /* HomeViewController.xib */,
			);
			path = Home;
			sourceTree = "<group>";
		};
		B3F15BDA2424FDDB00D93C5D /* Profile */ = {
			isa = PBXGroup;
			children = (
				B3F15BDB2424FDEB00D93C5D /* ProfileViewController.swift */,
				B3F15BDF2424FE3600D93C5D /* ProfileViewController.xib */,
			);
			path = Profile;
			sourceTree = "<group>";
		};
		B3F15BE32425144000D93C5D /* Main */ = {
			isa = PBXGroup;
			children = (
				B3F15BE52425145000D93C5D /* Home */,
				B3F15BE42425144A00D93C5D /* Profile */,
			);
			path = Main;
			sourceTree = "<group>";
		};
		B3F15BE42425144A00D93C5D /* Profile */ = {
			isa = PBXGroup;
			children = (
				B3F15BE82425146C00D93C5D /* ProfileModel.swift */,
			);
			path = Profile;
			sourceTree = "<group>";
		};
		B3F15BE52425145000D93C5D /* Home */ = {
			isa = PBXGroup;
			children = (
				B3F15BE62425146000D93C5D /* HomeModel.swift */,
			);
			path = Home;
			sourceTree = "<group>";
		};
		B3F15BEA242514CD00D93C5D /* General */ = {
			isa = PBXGroup;
			children = (
				B3F15BEB242514E600D93C5D /* Student.swift */,
				B3F15BED242515B000D93C5D /* UClass.swift */,
			);
			path = General;
			sourceTree = "<group>";
		};
		B3F15BEF2425163100D93C5D /* Main */ = {
			isa = PBXGroup;
			children = (
				B3F15BF12425163900D93C5D /* Home */,
				B3F15BF02425163400D93C5D /* Profile */,
			);
			path = Main;
			sourceTree = "<group>";
		};
		B3F15BF02425163400D93C5D /* Profile */ = {
			isa = PBXGroup;
			children = (
				B3F15BF42425164E00D93C5D /* ProfileViewModel.swift */,
			);
			path = Profile;
			sourceTree = "<group>";
		};
		B3F15BF12425163900D93C5D /* Home */ = {
			isa = PBXGroup;
			children = (
				B3F15BF22425164400D93C5D /* HomeViewModel.swift */,
			);
			path = Home;
			sourceTree = "<group>";
		};
		B3F15BF624251CAA00D93C5D /* Cell */ = {
			isa = PBXGroup;
			children = (
				B3F15BF724251CC300D93C5D /* HomeTableViewCell.swift */,
				B3F15BF824251CC300D93C5D /* HomeTableViewCell.xib */,
			);
			path = Cell;
			sourceTree = "<group>";
		};
/* End PBXGroup section */

/* Begin PBXNativeTarget section */
		B3F15B932424E8AB00D93C5D /* UnitTestingExample */ = {
			isa = PBXNativeTarget;
			buildConfigurationList = B3F15BBE2424E8AE00D93C5D /* Build configuration list for PBXNativeTarget "UnitTestingExample" */;
			buildPhases = (
				B3F15B902424E8AB00D93C5D /* Sources */,
				B3F15B912424E8AB00D93C5D /* Frameworks */,
				B3F15B922424E8AB00D93C5D /* Resources */,
			);
			buildRules = (
			);
			dependencies = (
			);
			name = UnitTestingExample;
			productName = UnitTestingExample;
			productReference = B3F15B942424E8AB00D93C5D /* UnitTestingExample.app */;
			productType = "com.apple.product-type.application";
		};
		B3F15BA92424E8AE00D93C5D /* UnitTestingExampleTests */ = {
			isa = PBXNativeTarget;
			buildConfigurationList = B3F15BC12424E8AE00D93C5D /* Build configuration list for PBXNativeTarget "UnitTestingExampleTests" */;
			buildPhases = (
				B3F15BA62424E8AE00D93C5D /* Sources */,
				B3F15BA72424E8AE00D93C5D /* Frameworks */,
				B3F15BA82424E8AE00D93C5D /* Resources */,
			);
			buildRules = (
			);
			dependencies = (
				B3F15BAC2424E8AE00D93C5D /* PBXTargetDependency */,
			);
			name = UnitTestingExampleTests;
			productName = UnitTestingExampleTests;
			productReference = B3F15BAA2424E8AE00D93C5D /* UnitTestingExampleTests.xctest */;
			productType = "com.apple.product-type.bundle.unit-test";
		};
		B3F15BB42424E8AE00D93C5D /* UnitTestingExampleUITests */ = {
			isa = PBXNativeTarget;
			buildConfigurationList = B3F15BC42424E8AE00D93C5D /* Build configuration list for PBXNativeTarget "UnitTestingExampleUITests" */;
			buildPhases = (
				B3F15BB12424E8AE00D93C5D /* Sources */,
				B3F15BB22424E8AE00D93C5D /* Frameworks */,
				B3F15BB32424E8AE00D93C5D /* Resources */,
			);
			buildRules = (
			);
			dependencies = (
				B3F15BB72424E8AE00D93C5D /* PBXTargetDependency */,
			);
			name = UnitTestingExampleUITests;
			productName = UnitTestingExampleUITests;
			productReference = B3F15BB52424E8AE00D93C5D /* UnitTestingExampleUITests.xctest */;
			productType = "com.apple.product-type.bundle.ui-testing";
		};
/* End PBXNativeTarget section */

/* Begin PBXProject section */
		B3F15B8C2424E8AB00D93C5D /* Project object */ = {
			isa = PBXProject;
			attributes = {
				LastSwiftUpdateCheck = 1130;
				LastUpgradeCheck = 1130;
				ORGANIZATIONNAME = "Leo Wirasanto";
				TargetAttributes = {
					B3F15B932424E8AB00D93C5D = {
						CreatedOnToolsVersion = 11.3;
					};
					B3F15BA92424E8AE00D93C5D = {
						CreatedOnToolsVersion = 11.3;
						LastSwiftMigration = 1130;
						TestTargetID = B3F15B932424E8AB00D93C5D;
					};
					B3F15BB42424E8AE00D93C5D = {
						CreatedOnToolsVersion = 11.3;
						TestTargetID = B3F15B932424E8AB00D93C5D;
					};
				};
			};
			buildConfigurationList = B3F15B8F2424E8AB00D93C5D /* Build configuration list for PBXProject "UnitTestingExample" */;
			compatibilityVersion = "Xcode 9.3";
			developmentRegion = en;
			hasScannedForEncodings = 0;
			knownRegions = (
				en,
				Base,
			);
			mainGroup = B3F15B8B2424E8AB00D93C5D;
			productRefGroup = B3F15B952424E8AB00D93C5D /* Products */;
			projectDirPath = "";
			projectRoot = "";
			targets = (
				B3F15B932424E8AB00D93C5D /* UnitTestingExample */,
				B3F15BA92424E8AE00D93C5D /* UnitTestingExampleTests */,
				B3F15BB42424E8AE00D93C5D /* UnitTestingExampleUITests */,
			);
		};
/* End PBXProject section */

/* Begin PBXResourcesBuildPhase section */
		B3F15B922424E8AB00D93C5D /* Resources */ = {
			isa = PBXResourcesBuildPhase;
			buildActionMask = 2147483647;
			files = (
				B3F15BA42424E8AE00D93C5D /* LaunchScreen.storyboard in Resources */,
				B3F15BA12424E8AE00D93C5D /* Assets.xcassets in Resources */,
				B3F15B9F2424E8AB00D93C5D /* Main.storyboard in Resources */,
				B3F15BE02424FE3600D93C5D /* ProfileViewController.xib in Resources */,
				B3F15BFA24251CC300D93C5D /* HomeTableViewCell.xib in Resources */,
				B3F15BDE2424FE0300D93C5D /* HomeViewController.xib in Resources */,
			);
			runOnlyForDeploymentPostprocessing = 0;
		};
		B3F15BA82424E8AE00D93C5D /* Resources */ = {
			isa = PBXResourcesBuildPhase;
			buildActionMask = 2147483647;
			files = (
			);
			runOnlyForDeploymentPostprocessing = 0;
		};
		B3F15BB32424E8AE00D93C5D /* Resources */ = {
			isa = PBXResourcesBuildPhase;
			buildActionMask = 2147483647;
			files = (
			);
			runOnlyForDeploymentPostprocessing = 0;
		};
/* End PBXResourcesBuildPhase section */

/* Begin PBXSourcesBuildPhase section */
		B3F15B902424E8AB00D93C5D /* Sources */ = {
			isa = PBXSourcesBuildPhase;
			buildActionMask = 2147483647;
			files = (
				B3F15B9C2424E8AB00D93C5D /* ViewController.swift in Sources */,
				B3F15B982424E8AB00D93C5D /* AppDelegate.swift in Sources */,
				B3F15BEE242515B000D93C5D /* UClass.swift in Sources */,
				B3F15C0224252AAE00D93C5D /* Extension+UIImageView.swift in Sources */,
				B3F15BE72425146000D93C5D /* HomeModel.swift in Sources */,
				B3B5C9DC24274208008F4F24 /* Extension+Date.swift in Sources */,
				B3F15BEC242514E600D93C5D /* Student.swift in Sources */,
				B3F15BD42424FD4B00D93C5D /* MainTabBarViewController.swift in Sources */,
				B3F15BF924251CC300D93C5D /* HomeTableViewCell.swift in Sources */,
				B3B5C9D8242737C6008F4F24 /* Extension+String.swift in Sources */,
				B3F15C0424252E4000D93C5D /* Extension+UIViewController.swift in Sources */,
				B3F15BF52425164E00D93C5D /* ProfileViewModel.swift in Sources */,
				B3F15C002425276300D93C5D /* Extension+UIView.swift in Sources */,
				B3F15BFE2425225200D93C5D /* Extension+Object.swift in Sources */,
				B3F15BE22424FF2B00D93C5D /* Router.swift in Sources */,
				B3F15BE92425146C00D93C5D /* ProfileModel.swift in Sources */,
				B3F15BF32425164400D93C5D /* HomeViewModel.swift in Sources */,
				B3F15BD22424FCCE00D93C5D /* Enum.swift in Sources */,
				B3F15BD92424FDD000D93C5D /* HomeViewController.swift in Sources */,
				B3F15BDC2424FDEB00D93C5D /* ProfileViewController.swift in Sources */,
				B3F15BD02424FCB000D93C5D /* Constant.swift in Sources */,
				B3F15BFC2425213600D93C5D /* Extension+UITableView.swift in Sources */,
			);
			runOnlyForDeploymentPostprocessing = 0;
		};
		B3F15BA62424E8AE00D93C5D /* Sources */ = {
			isa = PBXSourcesBuildPhase;
			buildActionMask = 2147483647;
			files = (
				B3B5C9DA24273856008F4F24 /* StringExtensionTests.swift in Sources */,
				B3F15BC82424E9D900D93C5D /* ViewControllerTests.swift in Sources */,
				B3B5C9D42425C42C008F4F24 /* RouterTests.swift in Sources */,
				B3B5C9DE24274345008F4F24 /* DateExtensionTests.swift in Sources */,
				B3B5C9D22425BDF3008F4F24 /* UIImageExtensionTest.swift in Sources */,
			);
			runOnlyForDeploymentPostprocessing = 0;
		};
		B3F15BB12424E8AE00D93C5D /* Sources */ = {
			isa = PBXSourcesBuildPhase;
			buildActionMask = 2147483647;
			files = (
				B3F15BBA2424E8AE00D93C5D /* UnitTestingExampleUITests.swift in Sources */,
			);
			runOnlyForDeploymentPostprocessing = 0;
		};
/* End PBXSourcesBuildPhase section */

/* Begin PBXTargetDependency section */
		B3F15BAC2424E8AE00D93C5D /* PBXTargetDependency */ = {
			isa = PBXTargetDependency;
			target = B3F15B932424E8AB00D93C5D /* UnitTestingExample */;
			targetProxy = B3F15BAB2424E8AE00D93C5D /* PBXContainerItemProxy */;
		};
		B3F15BB72424E8AE00D93C5D /* PBXTargetDependency */ = {
			isa = PBXTargetDependency;
			target = B3F15B932424E8AB00D93C5D /* UnitTestingExample */;
			targetProxy = B3F15BB62424E8AE00D93C5D /* PBXContainerItemProxy */;
		};
/* End PBXTargetDependency section */

/* Begin PBXVariantGroup section */
		B3F15B9D2424E8AB00D93C5D /* Main.storyboard */ = {
			isa = PBXVariantGroup;
			children = (
				B3F15B9E2424E8AB00D93C5D /* Base */,
			);
			name = Main.storyboard;
			sourceTree = "<group>";
		};
		B3F15BA22424E8AE00D93C5D /* LaunchScreen.storyboard */ = {
			isa = PBXVariantGroup;
			children = (
				B3F15BA32424E8AE00D93C5D /* Base */,
			);
			name = LaunchScreen.storyboard;
			sourceTree = "<group>";
		};
/* End PBXVariantGroup section */

/* Begin XCBuildConfiguration section */
		B3F15BBC2424E8AE00D93C5D /* Debug */ = {
			isa = XCBuildConfiguration;
			buildSettings = {
				ALWAYS_SEARCH_USER_PATHS = NO;
				CLANG_ANALYZER_NONNULL = YES;
				CLANG_ANALYZER_NUMBER_OBJECT_CONVERSION = YES_AGGRESSIVE;
				CLANG_CXX_LANGUAGE_STANDARD = "gnu++14";
				CLANG_CXX_LIBRARY = "libc++";
				CLANG_ENABLE_MODULES = YES;
				CLANG_ENABLE_OBJC_ARC = YES;
				CLANG_ENABLE_OBJC_WEAK = YES;
				CLANG_WARN_BLOCK_CAPTURE_AUTORELEASING = YES;
				CLANG_WARN_BOOL_CONVERSION = YES;
				CLANG_WARN_COMMA = YES;
				CLANG_WARN_CONSTANT_CONVERSION = YES;
				CLANG_WARN_DEPRECATED_OBJC_IMPLEMENTATIONS = YES;
				CLANG_WARN_DIRECT_OBJC_ISA_USAGE = YES_ERROR;
				CLANG_WARN_DOCUMENTATION_COMMENTS = YES;
				CLANG_WARN_EMPTY_BODY = YES;
				CLANG_WARN_ENUM_CONVERSION = YES;
				CLANG_WARN_INFINITE_RECURSION = YES;
				CLANG_WARN_INT_CONVERSION = YES;
				CLANG_WARN_NON_LITERAL_NULL_CONVERSION = YES;
				CLANG_WARN_OBJC_IMPLICIT_RETAIN_SELF = YES;
				CLANG_WARN_OBJC_LITERAL_CONVERSION = YES;
				CLANG_WARN_OBJC_ROOT_CLASS = YES_ERROR;
				CLANG_WARN_RANGE_LOOP_ANALYSIS = YES;
				CLANG_WARN_STRICT_PROTOTYPES = YES;
				CLANG_WARN_SUSPICIOUS_MOVE = YES;
				CLANG_WARN_UNGUARDED_AVAILABILITY = YES_AGGRESSIVE;
				CLANG_WARN_UNREACHABLE_CODE = YES;
				CLANG_WARN__DUPLICATE_METHOD_MATCH = YES;
				COPY_PHASE_STRIP = NO;
				DEBUG_INFORMATION_FORMAT = dwarf;
				ENABLE_STRICT_OBJC_MSGSEND = YES;
				ENABLE_TESTABILITY = YES;
				GCC_C_LANGUAGE_STANDARD = gnu11;
				GCC_DYNAMIC_NO_PIC = NO;
				GCC_NO_COMMON_BLOCKS = YES;
				GCC_OPTIMIZATION_LEVEL = 0;
				GCC_PREPROCESSOR_DEFINITIONS = (
					"DEBUG=1",
					"$(inherited)",
				);
				GCC_WARN_64_TO_32_BIT_CONVERSION = YES;
				GCC_WARN_ABOUT_RETURN_TYPE = YES_ERROR;
				GCC_WARN_UNDECLARED_SELECTOR = YES;
				GCC_WARN_UNINITIALIZED_AUTOS = YES_AGGRESSIVE;
				GCC_WARN_UNUSED_FUNCTION = YES;
				GCC_WARN_UNUSED_VARIABLE = YES;
				IPHONEOS_DEPLOYMENT_TARGET = 13.2;
				MTL_ENABLE_DEBUG_INFO = INCLUDE_SOURCE;
				MTL_FAST_MATH = YES;
				ONLY_ACTIVE_ARCH = YES;
				SDKROOT = iphoneos;
				SWIFT_ACTIVE_COMPILATION_CONDITIONS = DEBUG;
				SWIFT_OPTIMIZATION_LEVEL = "-Onone";
			};
			name = Debug;
		};
		B3F15BBD2424E8AE00D93C5D /* Release */ = {
			isa = XCBuildConfiguration;
			buildSettings = {
				ALWAYS_SEARCH_USER_PATHS = NO;
				CLANG_ANALYZER_NONNULL = YES;
				CLANG_ANALYZER_NUMBER_OBJECT_CONVERSION = YES_AGGRESSIVE;
				CLANG_CXX_LANGUAGE_STANDARD = "gnu++14";
				CLANG_CXX_LIBRARY = "libc++";
				CLANG_ENABLE_MODULES = YES;
				CLANG_ENABLE_OBJC_ARC = YES;
				CLANG_ENABLE_OBJC_WEAK = YES;
				CLANG_WARN_BLOCK_CAPTURE_AUTORELEASING = YES;
				CLANG_WARN_BOOL_CONVERSION = YES;
				CLANG_WARN_COMMA = YES;
				CLANG_WARN_CONSTANT_CONVERSION = YES;
				CLANG_WARN_DEPRECATED_OBJC_IMPLEMENTATIONS = YES;
				CLANG_WARN_DIRECT_OBJC_ISA_USAGE = YES_ERROR;
				CLANG_WARN_DOCUMENTATION_COMMENTS = YES;
				CLANG_WARN_EMPTY_BODY = YES;
				CLANG_WARN_ENUM_CONVERSION = YES;
				CLANG_WARN_INFINITE_RECURSION = YES;
				CLANG_WARN_INT_CONVERSION = YES;
				CLANG_WARN_NON_LITERAL_NULL_CONVERSION = YES;
				CLANG_WARN_OBJC_IMPLICIT_RETAIN_SELF = YES;
				CLANG_WARN_OBJC_LITERAL_CONVERSION = YES;
				CLANG_WARN_OBJC_ROOT_CLASS = YES_ERROR;
				CLANG_WARN_RANGE_LOOP_ANALYSIS = YES;
				CLANG_WARN_STRICT_PROTOTYPES = YES;
				CLANG_WARN_SUSPICIOUS_MOVE = YES;
				CLANG_WARN_UNGUARDED_AVAILABILITY = YES_AGGRESSIVE;
				CLANG_WARN_UNREACHABLE_CODE = YES;
				CLANG_WARN__DUPLICATE_METHOD_MATCH = YES;
				COPY_PHASE_STRIP = NO;
				DEBUG_INFORMATION_FORMAT = "dwarf-with-dsym";
				ENABLE_NS_ASSERTIONS = NO;
				ENABLE_STRICT_OBJC_MSGSEND = YES;
				GCC_C_LANGUAGE_STANDARD = gnu11;
				GCC_NO_COMMON_BLOCKS = YES;
				GCC_WARN_64_TO_32_BIT_CONVERSION = YES;
				GCC_WARN_ABOUT_RETURN_TYPE = YES_ERROR;
				GCC_WARN_UNDECLARED_SELECTOR = YES;
				GCC_WARN_UNINITIALIZED_AUTOS = YES_AGGRESSIVE;
				GCC_WARN_UNUSED_FUNCTION = YES;
				GCC_WARN_UNUSED_VARIABLE = YES;
				IPHONEOS_DEPLOYMENT_TARGET = 13.2;
				MTL_ENABLE_DEBUG_INFO = NO;
				MTL_FAST_MATH = YES;
				SDKROOT = iphoneos;
				SWIFT_COMPILATION_MODE = wholemodule;
				SWIFT_OPTIMIZATION_LEVEL = "-O";
				VALIDATE_PRODUCT = YES;
			};
			name = Release;
		};
		B3F15BBF2424E8AE00D93C5D /* Debug */ = {
			isa = XCBuildConfiguration;
			buildSettings = {
				ASSETCATALOG_COMPILER_APPICON_NAME = AppIcon;
				CODE_SIGN_STYLE = Automatic;
				DEVELOPMENT_TEAM = V7FHFNY5R8;
				INFOPLIST_FILE = UnitTestingExample/Info.plist;
				LD_RUNPATH_SEARCH_PATHS = (
					"$(inherited)",
					"@executable_path/Frameworks",
				);
				PRODUCT_BUNDLE_IDENTIFIER = leo.belajar.UnitTestingExample;
				PRODUCT_NAME = "$(TARGET_NAME)";
				SWIFT_VERSION = 5.0;
				TARGETED_DEVICE_FAMILY = "1,2";
			};
			name = Debug;
		};
		B3F15BC02424E8AE00D93C5D /* Release */ = {
			isa = XCBuildConfiguration;
			buildSettings = {
				ASSETCATALOG_COMPILER_APPICON_NAME = AppIcon;
				CODE_SIGN_STYLE = Automatic;
				DEVELOPMENT_TEAM = V7FHFNY5R8;
				INFOPLIST_FILE = UnitTestingExample/Info.plist;
				LD_RUNPATH_SEARCH_PATHS = (
					"$(inherited)",
					"@executable_path/Frameworks",
				);
				PRODUCT_BUNDLE_IDENTIFIER = leo.belajar.UnitTestingExample;
				PRODUCT_NAME = "$(TARGET_NAME)";
				SWIFT_VERSION = 5.0;
				TARGETED_DEVICE_FAMILY = "1,2";
			};
			name = Release;
		};
		B3F15BC22424E8AE00D93C5D /* Debug */ = {
			isa = XCBuildConfiguration;
			buildSettings = {
				ALWAYS_EMBED_SWIFT_STANDARD_LIBRARIES = YES;
				BUNDLE_LOADER = "$(TEST_HOST)";
				CLANG_ENABLE_MODULES = YES;
				CODE_SIGN_STYLE = Automatic;
				DEVELOPMENT_TEAM = V7FHFNY5R8;
				INFOPLIST_FILE = UnitTestingExampleTests/Info.plist;
				IPHONEOS_DEPLOYMENT_TARGET = 13.2;
				LD_RUNPATH_SEARCH_PATHS = (
					"$(inherited)",
					"@executable_path/Frameworks",
					"@loader_path/Frameworks",
				);
				PRODUCT_BUNDLE_IDENTIFIER = leo.belajar.UnitTestingExampleTests;
				PRODUCT_NAME = "$(TARGET_NAME)";
				SWIFT_OPTIMIZATION_LEVEL = "-Onone";
				SWIFT_VERSION = 5.0;
				TARGETED_DEVICE_FAMILY = "1,2";
				TEST_HOST = "$(BUILT_PRODUCTS_DIR)/UnitTestingExample.app/UnitTestingExample";
			};
			name = Debug;
		};
		B3F15BC32424E8AE00D93C5D /* Release */ = {
			isa = XCBuildConfiguration;
			buildSettings = {
				ALWAYS_EMBED_SWIFT_STANDARD_LIBRARIES = YES;
				BUNDLE_LOADER = "$(TEST_HOST)";
				CLANG_ENABLE_MODULES = YES;
				CODE_SIGN_STYLE = Automatic;
				DEVELOPMENT_TEAM = V7FHFNY5R8;
				INFOPLIST_FILE = UnitTestingExampleTests/Info.plist;
				IPHONEOS_DEPLOYMENT_TARGET = 13.2;
				LD_RUNPATH_SEARCH_PATHS = (
					"$(inherited)",
					"@executable_path/Frameworks",
					"@loader_path/Frameworks",
				);
				PRODUCT_BUNDLE_IDENTIFIER = leo.belajar.UnitTestingExampleTests;
				PRODUCT_NAME = "$(TARGET_NAME)";
				SWIFT_VERSION = 5.0;
				TARGETED_DEVICE_FAMILY = "1,2";
				TEST_HOST = "$(BUILT_PRODUCTS_DIR)/UnitTestingExample.app/UnitTestingExample";
			};
			name = Release;
		};
		B3F15BC52424E8AE00D93C5D /* Debug */ = {
			isa = XCBuildConfiguration;
			buildSettings = {
				ALWAYS_EMBED_SWIFT_STANDARD_LIBRARIES = YES;
				CODE_SIGN_STYLE = Automatic;
				DEVELOPMENT_TEAM = V7FHFNY5R8;
				INFOPLIST_FILE = UnitTestingExampleUITests/Info.plist;
				LD_RUNPATH_SEARCH_PATHS = (
					"$(inherited)",
					"@executable_path/Frameworks",
					"@loader_path/Frameworks",
				);
				PRODUCT_BUNDLE_IDENTIFIER = leo.belajar.UnitTestingExampleUITests;
				PRODUCT_NAME = "$(TARGET_NAME)";
				SWIFT_VERSION = 5.0;
				TARGETED_DEVICE_FAMILY = "1,2";
				TEST_TARGET_NAME = UnitTestingExample;
			};
			name = Debug;
		};
		B3F15BC62424E8AE00D93C5D /* Release */ = {
			isa = XCBuildConfiguration;
			buildSettings = {
				ALWAYS_EMBED_SWIFT_STANDARD_LIBRARIES = YES;
				CODE_SIGN_STYLE = Automatic;
				DEVELOPMENT_TEAM = V7FHFNY5R8;
				INFOPLIST_FILE = UnitTestingExampleUITests/Info.plist;
				LD_RUNPATH_SEARCH_PATHS = (
					"$(inherited)",
					"@executable_path/Frameworks",
					"@loader_path/Frameworks",
				);
				PRODUCT_BUNDLE_IDENTIFIER = leo.belajar.UnitTestingExampleUITests;
				PRODUCT_NAME = "$(TARGET_NAME)";
				SWIFT_VERSION = 5.0;
				TARGETED_DEVICE_FAMILY = "1,2";
				TEST_TARGET_NAME = UnitTestingExample;
			};
			name = Release;
		};
/* End XCBuildConfiguration section */

/* Begin XCConfigurationList section */
		B3F15B8F2424E8AB00D93C5D /* Build configuration list for PBXProject "UnitTestingExample" */ = {
			isa = XCConfigurationList;
			buildConfigurations = (
				B3F15BBC2424E8AE00D93C5D /* Debug */,
				B3F15BBD2424E8AE00D93C5D /* Release */,
			);
			defaultConfigurationIsVisible = 0;
			defaultConfigurationName = Release;
		};
		B3F15BBE2424E8AE00D93C5D /* Build configuration list for PBXNativeTarget "UnitTestingExample" */ = {
			isa = XCConfigurationList;
			buildConfigurations = (
				B3F15BBF2424E8AE00D93C5D /* Debug */,
				B3F15BC02424E8AE00D93C5D /* Release */,
			);
			defaultConfigurationIsVisible = 0;
			defaultConfigurationName = Release;
		};
		B3F15BC12424E8AE00D93C5D /* Build configuration list for PBXNativeTarget "UnitTestingExampleTests" */ = {
			isa = XCConfigurationList;
			buildConfigurations = (
				B3F15BC22424E8AE00D93C5D /* Debug */,
				B3F15BC32424E8AE00D93C5D /* Release */,
			);
			defaultConfigurationIsVisible = 0;
			defaultConfigurationName = Release;
		};
		B3F15BC42424E8AE00D93C5D /* Build configuration list for PBXNativeTarget "UnitTestingExampleUITests" */ = {
			isa = XCConfigurationList;
			buildConfigurations = (
				B3F15BC52424E8AE00D93C5D /* Debug */,
				B3F15BC62424E8AE00D93C5D /* Release */,
			);
			defaultConfigurationIsVisible = 0;
			defaultConfigurationName = Release;
		};
/* End XCConfigurationList section */
	};
	rootObject = B3F15B8C2424E8AB00D93C5D /* Project object */;
}
